
Microsoft Visual Studio Solution File, Format Version 12.00
# Visual Studio 14
VisualStudioVersion = 14.0.24720.0
MinimumVisualStudioVersion = 10.0.40219.1
Project("{FAE04EC0-301F-11D3-BF4B-00C04F79EFBC}") = "Ch01_MarkupAndCode", "Ch01_MarkupAndCode\Ch01_MarkupAndCode\Ch01_MarkupAndCode.csproj", "{200FA2F8-5483-487D-8B8C-B6470999845E}"
EndProject
Project("{FAE04EC0-301F-11D3-BF4B-00C04F79EFBC}") = "Ch02_XamlSyntax", "Ch02_XamlSyntax\Ch02_XamlSyntax\Ch02_XamlSyntax.csproj", "{491979D8-81AE-43B4-96E7-80B202C12987}"
EndProject
Project("{FAE04EC0-301F-11D3-BF4B-00C04F79EFBC}") = "Ch03_BasicEventHandling", "Ch03_BasicEventHandling\Ch03_BasicEventHandling\Ch03_BasicEventHandling.csproj", "{9D4DDF2E-EF5E-40E0-9893-487B1E625699}"
EndProject
Project("{FAE04EC0-301F-11D3-BF4B-00C04F79EFBC}") = "Ch04_Panels", "Ch04_Panels\Ch04_Panels\Ch04_Panels.csproj", "{C2A19D8A-1CB3-4CEB-A9A2-DF2994CE6AF0}"
EndProject
Project("{FAE04EC0-301F-11D3-BF4B-00C04F79EFBC}") = "Ch05_ControlInteraction", "Ch05_ControlInteraction\Ch05_ControlInteraction\Ch05_ControlInteraction.csproj", "{37AD0538-F0D5-4A42-AF3D-9E5709E05024}"
EndProject
Project("{FAE04EC0-301F-11D3-BF4B-00C04F79EFBC}") = "Ch06_MVVM", "Ch06_MVVM\Ch06_MVVM\Ch06_MVVM.csproj", "{C6362992-C30E-4E89-A579-55542863CB05}"
EndProject
Project("{FAE04EC0-301F-11D3-BF4B-00C04F79EFBC}") = "Ch07_Asynchronicity", "Ch07_Asynchronicity\Ch07_Asynchronicity\Ch07_Asynchronicity.csproj", "{C2E0CADD-14B0-4351-831A-8B63752C23F6}"
EndProject
Project("{FAE04EC0-301F-11D3-BF4B-00C04F79EFBC}") = "Ch08_AppBarsAndPopups", "Ch08_AppBarsAndPopups\Ch08_AppBarsAndPopups\Ch08_AppBarsAndPopups.csproj", "{2294871B-E0D7-4840-8FDB-E208ACFA178E}"
EndProject
Project("{FAE04EC0-301F-11D3-BF4B-00C04F79EFBC}") = "Ch09_Animation", "Ch09_Animation\Ch09_Animation\Ch09_Animation.csproj", "{AC005C2C-0269-4E8B-94A0-BAE277A15706}"
EndProject
Project("{FAE04EC0-301F-11D3-BF4B-00C04F79EFBC}") = "Ch10_Transforms", "Ch10_Transforms\Ch10_Transforms\Ch10_Transforms.csproj", "{21807DA7-FEA2-4169-B6F0-7E316916B2CE}"
EndProject
Project("{FAE04EC0-301F-11D3-BF4B-00C04F79EFBC}") = "Ch11_Templates", "Ch11_Templates\Ch11_Templates\Ch11_Templates.csproj", "{4E9A951E-1B4B-4C72-A256-9A4BA42C2A9F}"
EndProject
Project("{FAE04EC0-301F-11D3-BF4B-00C04F79EFBC}") = "Ch12_PagesAndNavigation", "Ch12_PagesAndNavigation\Ch12_PagesAndNavigation\Ch12_PagesAndNavigation.csproj", "{7A664822-5BF9-4A60-B57D-AB570BDDBFEF}"
EndProject
Project("{FAE04EC0-301F-11D3-BF4B-00C04F79EFBC}") = "UWP.Controls", "Ch04_Panels\UWP.Controls\UWP.Controls.csproj", "{CE1CA58B-729A-4BD5-A6E3-1BCD6CD13845}"
EndProject
Global
	GlobalSection(SolutionConfigurationPlatforms) = preSolution
		Debug|Any CPU = Debug|Any CPU
		Debug|ARM = Debug|ARM
		Debug|x64 = Debug|x64
		Debug|x86 = Debug|x86
		Release|Any CPU = Release|Any CPU
		Release|ARM = Release|ARM
		Release|x64 = Release|x64
		Release|x86 = Release|x86
	EndGlobalSection
	GlobalSection(ProjectConfigurationPlatforms) = postSolution
		{200FA2F8-5483-487D-8B8C-B6470999845E}.Debug|Any CPU.ActiveCfg = Debug|x86
		{200FA2F8-5483-487D-8B8C-B6470999845E}.Debug|ARM.ActiveCfg = Debug|ARM
		{200FA2F8-5483-487D-8B8C-B6470999845E}.Debug|ARM.Build.0 = Debug|ARM
		{200FA2F8-5483-487D-8B8C-B6470999845E}.Debug|ARM.Deploy.0 = Debug|ARM
		{200FA2F8-5483-487D-8B8C-B6470999845E}.Debug|x64.ActiveCfg = Debug|x64
		{200FA2F8-5483-487D-8B8C-B6470999845E}.Debug|x64.Build.0 = Debug|x64
		{200FA2F8-5483-487D-8B8C-B6470999845E}.Debug|x64.Deploy.0 = Debug|x64
		{200FA2F8-5483-487D-8B8C-B6470999845E}.Debug|x86.ActiveCfg = Debug|x86
		{200FA2F8-5483-487D-8B8C-B6470999845E}.Debug|x86.Build.0 = Debug|x86
		{200FA2F8-5483-487D-8B8C-B6470999845E}.Debug|x86.Deploy.0 = Debug|x86
		{200FA2F8-5483-487D-8B8C-B6470999845E}.Release|Any CPU.ActiveCfg = Release|x86
		{200FA2F8-5483-487D-8B8C-B6470999845E}.Release|ARM.ActiveCfg = Release|ARM
		{200FA2F8-5483-487D-8B8C-B6470999845E}.Release|ARM.Build.0 = Release|ARM
		{200FA2F8-5483-487D-8B8C-B6470999845E}.Release|ARM.Deploy.0 = Release|ARM
		{200FA2F8-5483-487D-8B8C-B6470999845E}.Release|x64.ActiveCfg = Release|x64
		{200FA2F8-5483-487D-8B8C-B6470999845E}.Release|x64.Build.0 = Release|x64
		{200FA2F8-5483-487D-8B8C-B6470999845E}.Release|x64.Deploy.0 = Release|x64
		{200FA2F8-5483-487D-8B8C-B6470999845E}.Release|x86.ActiveCfg = Release|x86
		{200FA2F8-5483-487D-8B8C-B6470999845E}.Release|x86.Build.0 = Release|x86
		{200FA2F8-5483-487D-8B8C-B6470999845E}.Release|x86.Deploy.0 = Release|x86
		{491979D8-81AE-43B4-96E7-80B202C12987}.Debug|Any CPU.ActiveCfg = Debug|x86
		{491979D8-81AE-43B4-96E7-80B202C12987}.Debug|ARM.ActiveCfg = Debug|ARM
		{491979D8-81AE-43B4-96E7-80B202C12987}.Debug|ARM.Build.0 = Debug|ARM
		{491979D8-81AE-43B4-96E7-80B202C12987}.Debug|ARM.Deploy.0 = Debug|ARM
		{491979D8-81AE-43B4-96E7-80B202C12987}.Debug|x64.ActiveCfg = Debug|x64
		{491979D8-81AE-43B4-96E7-80B202C12987}.Debug|x64.Build.0 = Debug|x64
		{491979D8-81AE-43B4-96E7-80B202C12987}.Debug|x64.Deploy.0 = Debug|x64
		{491979D8-81AE-43B4-96E7-80B202C12987}.Debug|x86.ActiveCfg = Debug|x86
		{491979D8-81AE-43B4-96E7-80B202C12987}.Debug|x86.Build.0 = Debug|x86
		{491979D8-81AE-43B4-96E7-80B202C12987}.Debug|x86.Deploy.0 = Debug|x86
		{491979D8-81AE-43B4-96E7-80B202C12987}.Release|Any CPU.ActiveCfg = Release|x86
		{491979D8-81AE-43B4-96E7-80B202C12987}.Release|ARM.ActiveCfg = Release|ARM
		{491979D8-81AE-43B4-96E7-80B202C12987}.Release|ARM.Build.0 = Release|ARM
		{491979D8-81AE-43B4-96E7-80B202C12987}.Release|ARM.Deploy.0 = Release|ARM
		{491979D8-81AE-43B4-96E7-80B202C12987}.Release|x64.ActiveCfg = Release|x64
		{491979D8-81AE-43B4-96E7-80B202C12987}.Release|x64.Build.0 = Release|x64
		{491979D8-81AE-43B4-96E7-80B202C12987}.Release|x64.Deploy.0 = Release|x64
		{491979D8-81AE-43B4-96E7-80B202C12987}.Release|x86.ActiveCfg = Release|x86
		{491979D8-81AE-43B4-96E7-80B202C12987}.Release|x86.Build.0 = Release|x86
		{491979D8-81AE-43B4-96E7-80B202C12987}.Release|x86.Deploy.0 = Release|x86
		{9D4DDF2E-EF5E-40E0-9893-487B1E625699}.Debug|Any CPU.ActiveCfg = Debug|x86
		{9D4DDF2E-EF5E-40E0-9893-487B1E625699}.Debug|ARM.ActiveCfg = Debug|ARM
		{9D4DDF2E-EF5E-40E0-9893-487B1E625699}.Debug|ARM.Build.0 = Debug|ARM
		{9D4DDF2E-EF5E-40E0-9893-487B1E625699}.Debug|ARM.Deploy.0 = Debug|ARM
		{9D4DDF2E-EF5E-40E0-9893-487B1E625699}.Debug|x64.ActiveCfg = Debug|x64
		{9D4DDF2E-EF5E-40E0-9893-487B1E625699}.Debug|x64.Build.0 = Debug|x64
		{9D4DDF2E-EF5E-40E0-9893-487B1E625699}.Debug|x64.Deploy.0 = Debug|x64
		{9D4DDF2E-EF5E-40E0-9893-487B1E625699}.Debug|x86.ActiveCfg = Debug|x86
		{9D4DDF2E-EF5E-40E0-9893-487B1E625699}.Debug|x86.Build.0 = Debug|x86
		{9D4DDF2E-EF5E-40E0-9893-487B1E625699}.Debug|x86.Deploy.0 = Debug|x86
		{9D4DDF2E-EF5E-40E0-9893-487B1E625699}.Release|Any CPU.ActiveCfg = Release|x86
		{9D4DDF2E-EF5E-40E0-9893-487B1E625699}.Release|ARM.ActiveCfg = Release|ARM
		{9D4DDF2E-EF5E-40E0-9893-487B1E625699}.Release|ARM.Build.0 = Release|ARM
		{9D4DDF2E-EF5E-40E0-9893-487B1E625699}.Release|ARM.Deploy.0 = Release|ARM
		{9D4DDF2E-EF5E-40E0-9893-487B1E625699}.Release|x64.ActiveCfg = Release|x64
		{9D4DDF2E-EF5E-40E0-9893-487B1E625699}.Release|x64.Build.0 = Release|x64
		{9D4DDF2E-EF5E-40E0-9893-487B1E625699}.Release|x64.Deploy.0 = Release|x64
		{9D4DDF2E-EF5E-40E0-9893-487B1E625699}.Release|x86.ActiveCfg = Release|x86
		{9D4DDF2E-EF5E-40E0-9893-487B1E625699}.Release|x86.Build.0 = Release|x86
		{9D4DDF2E-EF5E-40E0-9893-487B1E625699}.Release|x86.Deploy.0 = Release|x86
		{C2A19D8A-1CB3-4CEB-A9A2-DF2994CE6AF0}.Debug|Any CPU.ActiveCfg = Debug|x86
		{C2A19D8A-1CB3-4CEB-A9A2-DF2994CE6AF0}.Debug|ARM.ActiveCfg = Debug|ARM
		{C2A19D8A-1CB3-4CEB-A9A2-DF2994CE6AF0}.Debug|ARM.Build.0 = Debug|ARM
		{C2A19D8A-1CB3-4CEB-A9A2-DF2994CE6AF0}.Debug|ARM.Deploy.0 = Debug|ARM
		{C2A19D8A-1CB3-4CEB-A9A2-DF2994CE6AF0}.Debug|x64.ActiveCfg = Debug|x64
		{C2A19D8A-1CB3-4CEB-A9A2-DF2994CE6AF0}.Debug|x64.Build.0 = Debug|x64
		{C2A19D8A-1CB3-4CEB-A9A2-DF2994CE6AF0}.Debug|x64.Deploy.0 = Debug|x64
		{C2A19D8A-1CB3-4CEB-A9A2-DF2994CE6AF0}.Debug|x86.ActiveCfg = Debug|x86
		{C2A19D8A-1CB3-4CEB-A9A2-DF2994CE6AF0}.Debug|x86.Build.0 = Debug|x86
		{C2A19D8A-1CB3-4CEB-A9A2-DF2994CE6AF0}.Debug|x86.Deploy.0 = Debug|x86
		{C2A19D8A-1CB3-4CEB-A9A2-DF2994CE6AF0}.Release|Any CPU.ActiveCfg = Release|x86
		{C2A19D8A-1CB3-4CEB-A9A2-DF2994CE6AF0}.Release|ARM.ActiveCfg = Release|ARM
		{C2A19D8A-1CB3-4CEB-A9A2-DF2994CE6AF0}.Release|ARM.Build.0 = Release|ARM
		{C2A19D8A-1CB3-4CEB-A9A2-DF2994CE6AF0}.Release|ARM.Deploy.0 = Release|ARM
		{C2A19D8A-1CB3-4CEB-A9A2-DF2994CE6AF0}.Release|x64.ActiveCfg = Release|x64
		{C2A19D8A-1CB3-4CEB-A9A2-DF2994CE6AF0}.Release|x64.Build.0 = Release|x64
		{C2A19D8A-1CB3-4CEB-A9A2-DF2994CE6AF0}.Release|x64.Deploy.0 = Release|x64
		{C2A19D8A-1CB3-4CEB-A9A2-DF2994CE6AF0}.Release|x86.ActiveCfg = Release|x86
		{C2A19D8A-1CB3-4CEB-A9A2-DF2994CE6AF0}.Release|x86.Build.0 = Release|x86
		{C2A19D8A-1CB3-4CEB-A9A2-DF2994CE6AF0}.Release|x86.Deploy.0 = Release|x86
		{37AD0538-F0D5-4A42-AF3D-9E5709E05024}.Debug|Any CPU.ActiveCfg = Debug|x86
		{37AD0538-F0D5-4A42-AF3D-9E5709E05024}.Debug|ARM.ActiveCfg = Debug|ARM
		{37AD0538-F0D5-4A42-AF3D-9E5709E05024}.Debug|ARM.Build.0 = Debug|ARM
		{37AD0538-F0D5-4A42-AF3D-9E5709E05024}.Debug|ARM.Deploy.0 = Debug|ARM
		{37AD0538-F0D5-4A42-AF3D-9E5709E05024}.Debug|x64.ActiveCfg = Debug|x64
		{37AD0538-F0D5-4A42-AF3D-9E5709E05024}.Debug|x64.Build.0 = Debug|x64
		{37AD0538-F0D5-4A42-AF3D-9E5709E05024}.Debug|x64.Deploy.0 = Debug|x64
		{37AD0538-F0D5-4A42-AF3D-9E5709E05024}.Debug|x86.ActiveCfg = Debug|x86
		{37AD0538-F0D5-4A42-AF3D-9E5709E05024}.Debug|x86.Build.0 = Debug|x86
		{37AD0538-F0D5-4A42-AF3D-9E5709E05024}.Debug|x86.Deploy.0 = Debug|x86
		{37AD0538-F0D5-4A42-AF3D-9E5709E05024}.Release|Any CPU.ActiveCfg = Release|x86
		{37AD0538-F0D5-4A42-AF3D-9E5709E05024}.Release|ARM.ActiveCfg = Release|ARM
		{37AD0538-F0D5-4A42-AF3D-9E5709E05024}.Release|ARM.Build.0 = Release|ARM
		{37AD0538-F0D5-4A42-AF3D-9E5709E05024}.Release|ARM.Deploy.0 = Release|ARM
		{37AD0538-F0D5-4A42-AF3D-9E5709E05024}.Release|x64.ActiveCfg = Release|x64
		{37AD0538-F0D5-4A42-AF3D-9E5709E05024}.Release|x64.Build.0 = Release|x64
		{37AD0538-F0D5-4A42-AF3D-9E5709E05024}.Release|x64.Deploy.0 = Release|x64
		{37AD0538-F0D5-4A42-AF3D-9E5709E05024}.Release|x86.ActiveCfg = Release|x86
		{37AD0538-F0D5-4A42-AF3D-9E5709E05024}.Release|x86.Build.0 = Release|x86
		{37AD0538-F0D5-4A42-AF3D-9E5709E05024}.Release|x86.Deploy.0 = Release|x86
		{C6362992-C30E-4E89-A579-55542863CB05}.Debug|Any CPU.ActiveCfg = Debug|x86
		{C6362992-C30E-4E89-A579-55542863CB05}.Debug|ARM.ActiveCfg = Debug|ARM
		{C6362992-C30E-4E89-A579-55542863CB05}.Debug|ARM.Build.0 = Debug|ARM
		{C6362992-C30E-4E89-A579-55542863CB05}.Debug|ARM.Deploy.0 = Debug|ARM
		{C6362992-C30E-4E89-A579-55542863CB05}.Debug|x64.ActiveCfg = Debug|x64
		{C6362992-C30E-4E89-A579-55542863CB05}.Debug|x64.Build.0 = Debug|x64
		{C6362992-C30E-4E89-A579-55542863CB05}.Debug|x64.Deploy.0 = Debug|x64
		{C6362992-C30E-4E89-A579-55542863CB05}.Debug|x86.ActiveCfg = Debug|x86
		{C6362992-C30E-4E89-A579-55542863CB05}.Debug|x86.Build.0 = Debug|x86
		{C6362992-C30E-4E89-A579-55542863CB05}.Debug|x86.Deploy.0 = Debug|x86
		{C6362992-C30E-4E89-A579-55542863CB05}.Release|Any CPU.ActiveCfg = Release|x86
		{C6362992-C30E-4E89-A579-55542863CB05}.Release|ARM.ActiveCfg = Release|ARM
		{C6362992-C30E-4E89-A579-55542863CB05}.Release|ARM.Build.0 = Release|ARM
		{C6362992-C30E-4E89-A579-55542863CB05}.Release|ARM.Deploy.0 = Release|ARM
		{C6362992-C30E-4E89-A579-55542863CB05}.Release|x64.ActiveCfg = Release|x64
		{C6362992-C30E-4E89-A579-55542863CB05}.Release|x64.Build.0 = Release|x64
		{C6362992-C30E-4E89-A579-55542863CB05}.Release|x64.Deploy.0 = Release|x64
		{C6362992-C30E-4E89-A579-55542863CB05}.Release|x86.ActiveCfg = Release|x86
		{C6362992-C30E-4E89-A579-55542863CB05}.Release|x86.Build.0 = Release|x86
		{C6362992-C30E-4E89-A579-55542863CB05}.Release|x86.Deploy.0 = Release|x86
		{C2E0CADD-14B0-4351-831A-8B63752C23F6}.Debug|Any CPU.ActiveCfg = Debug|x86
		{C2E0CADD-14B0-4351-831A-8B63752C23F6}.Debug|ARM.ActiveCfg = Debug|ARM
		{C2E0CADD-14B0-4351-831A-8B63752C23F6}.Debug|ARM.Build.0 = Debug|ARM
		{C2E0CADD-14B0-4351-831A-8B63752C23F6}.Debug|ARM.Deploy.0 = Debug|ARM
		{C2E0CADD-14B0-4351-831A-8B63752C23F6}.Debug|x64.ActiveCfg = Debug|x64
		{C2E0CADD-14B0-4351-831A-8B63752C23F6}.Debug|x64.Build.0 = Debug|x64
		{C2E0CADD-14B0-4351-831A-8B63752C23F6}.Debug|x64.Deploy.0 = Debug|x64
		{C2E0CADD-14B0-4351-831A-8B63752C23F6}.Debug|x86.ActiveCfg = Debug|x86
		{C2E0CADD-14B0-4351-831A-8B63752C23F6}.Debug|x86.Build.0 = Debug|x86
		{C2E0CADD-14B0-4351-831A-8B63752C23F6}.Debug|x86.Deploy.0 = Debug|x86
		{C2E0CADD-14B0-4351-831A-8B63752C23F6}.Release|Any CPU.ActiveCfg = Release|x86
		{C2E0CADD-14B0-4351-831A-8B63752C23F6}.Release|ARM.ActiveCfg = Release|ARM
		{C2E0CADD-14B0-4351-831A-8B63752C23F6}.Release|ARM.Build.0 = Release|ARM
		{C2E0CADD-14B0-4351-831A-8B63752C23F6}.Release|ARM.Deploy.0 = Release|ARM
		{C2E0CADD-14B0-4351-831A-8B63752C23F6}.Release|x64.ActiveCfg = Release|x64
		{C2E0CADD-14B0-4351-831A-8B63752C23F6}.Release|x64.Build.0 = Release|x64
		{C2E0CADD-14B0-4351-831A-8B63752C23F6}.Release|x64.Deploy.0 = Release|x64
		{C2E0CADD-14B0-4351-831A-8B63752C23F6}.Release|x86.ActiveCfg = Release|x86
		{C2E0CADD-14B0-4351-831A-8B63752C23F6}.Release|x86.Build.0 = Release|x86
		{C2E0CADD-14B0-4351-831A-8B63752C23F6}.Release|x86.Deploy.0 = Release|x86
		{2294871B-E0D7-4840-8FDB-E208ACFA178E}.Debug|Any CPU.ActiveCfg = Debug|x86
		{2294871B-E0D7-4840-8FDB-E208ACFA178E}.Debug|ARM.ActiveCfg = Debug|ARM
		{2294871B-E0D7-4840-8FDB-E208ACFA178E}.Debug|ARM.Build.0 = Debug|ARM
		{2294871B-E0D7-4840-8FDB-E208ACFA178E}.Debug|ARM.Deploy.0 = Debug|ARM
		{2294871B-E0D7-4840-8FDB-E208ACFA178E}.Debug|x64.ActiveCfg = Debug|x64
		{2294871B-E0D7-4840-8FDB-E208ACFA178E}.Debug|x64.Build.0 = Debug|x64
		{2294871B-E0D7-4840-8FDB-E208ACFA178E}.Debug|x64.Deploy.0 = Debug|x64
		{2294871B-E0D7-4840-8FDB-E208ACFA178E}.Debug|x86.ActiveCfg = Debug|x86
		{2294871B-E0D7-4840-8FDB-E208ACFA178E}.Debug|x86.Build.0 = Debug|x86
		{2294871B-E0D7-4840-8FDB-E208ACFA178E}.Debug|x86.Deploy.0 = Debug|x86
		{2294871B-E0D7-4840-8FDB-E208ACFA178E}.Release|Any CPU.ActiveCfg = Release|x86
		{2294871B-E0D7-4840-8FDB-E208ACFA178E}.Release|ARM.ActiveCfg = Release|ARM
		{2294871B-E0D7-4840-8FDB-E208ACFA178E}.Release|ARM.Build.0 = Release|ARM
		{2294871B-E0D7-4840-8FDB-E208ACFA178E}.Release|ARM.Deploy.0 = Release|ARM
		{2294871B-E0D7-4840-8FDB-E208ACFA178E}.Release|x64.ActiveCfg = Release|x64
		{2294871B-E0D7-4840-8FDB-E208ACFA178E}.Release|x64.Build.0 = Release|x64
		{2294871B-E0D7-4840-8FDB-E208ACFA178E}.Release|x64.Deploy.0 = Release|x64
		{2294871B-E0D7-4840-8FDB-E208ACFA178E}.Release|x86.ActiveCfg = Release|x86
		{2294871B-E0D7-4840-8FDB-E208ACFA178E}.Release|x86.Build.0 = Release|x86
		{2294871B-E0D7-4840-8FDB-E208ACFA178E}.Release|x86.Deploy.0 = Release|x86
		{AC005C2C-0269-4E8B-94A0-BAE277A15706}.Debug|Any CPU.ActiveCfg = Debug|x86
		{AC005C2C-0269-4E8B-94A0-BAE277A15706}.Debug|ARM.ActiveCfg = Debug|ARM
		{AC005C2C-0269-4E8B-94A0-BAE277A15706}.Debug|ARM.Build.0 = Debug|ARM
		{AC005C2C-0269-4E8B-94A0-BAE277A15706}.Debug|ARM.Deploy.0 = Debug|ARM
		{AC005C2C-0269-4E8B-94A0-BAE277A15706}.Debug|x64.ActiveCfg = Debug|x64
		{AC005C2C-0269-4E8B-94A0-BAE277A15706}.Debug|x64.Build.0 = Debug|x64
		{AC005C2C-0269-4E8B-94A0-BAE277A15706}.Debug|x64.Deploy.0 = Debug|x64
		{AC005C2C-0269-4E8B-94A0-BAE277A15706}.Debug|x86.ActiveCfg = Debug|x86
		{AC005C2C-0269-4E8B-94A0-BAE277A15706}.Debug|x86.Build.0 = Debug|x86
		{AC005C2C-0269-4E8B-94A0-BAE277A15706}.Debug|x86.Deploy.0 = Debug|x86
		{AC005C2C-0269-4E8B-94A0-BAE277A15706}.Release|Any CPU.ActiveCfg = Release|x86
		{AC005C2C-0269-4E8B-94A0-BAE277A15706}.Release|ARM.ActiveCfg = Release|ARM
		{AC005C2C-0269-4E8B-94A0-BAE277A15706}.Release|ARM.Build.0 = Release|ARM
		{AC005C2C-0269-4E8B-94A0-BAE277A15706}.Release|ARM.Deploy.0 = Release|ARM
		{AC005C2C-0269-4E8B-94A0-BAE277A15706}.Release|x64.ActiveCfg = Release|x64
		{AC005C2C-0269-4E8B-94A0-BAE277A15706}.Release|x64.Build.0 = Release|x64
		{AC005C2C-0269-4E8B-94A0-BAE277A15706}.Release|x64.Deploy.0 = Release|x64
		{AC005C2C-0269-4E8B-94A0-BAE277A15706}.Release|x86.ActiveCfg = Release|x86
		{AC005C2C-0269-4E8B-94A0-BAE277A15706}.Release|x86.Build.0 = Release|x86
		{AC005C2C-0269-4E8B-94A0-BAE277A15706}.Release|x86.Deploy.0 = Release|x86
		{21807DA7-FEA2-4169-B6F0-7E316916B2CE}.Debug|Any CPU.ActiveCfg = Debug|x86
		{21807DA7-FEA2-4169-B6F0-7E316916B2CE}.Debug|ARM.ActiveCfg = Debug|ARM
		{21807DA7-FEA2-4169-B6F0-7E316916B2CE}.Debug|ARM.Build.0 = Debug|ARM
		{21807DA7-FEA2-4169-B6F0-7E316916B2CE}.Debug|ARM.Deploy.0 = Debug|ARM
		{21807DA7-FEA2-4169-B6F0-7E316916B2CE}.Debug|x64.ActiveCfg = Debug|x64
		{21807DA7-FEA2-4169-B6F0-7E316916B2CE}.Debug|x64.Build.0 = Debug|x64
		{21807DA7-FEA2-4169-B6F0-7E316916B2CE}.Debug|x64.Deploy.0 = Debug|x64
		{21807DA7-FEA2-4169-B6F0-7E316916B2CE}.Debug|x86.ActiveCfg = Debug|x86
		{21807DA7-FEA2-4169-B6F0-7E316916B2CE}.Debug|x86.Build.0 = Debug|x86
		{21807DA7-FEA2-4169-B6F0-7E316916B2CE}.Debug|x86.Deploy.0 = Debug|x86
		{21807DA7-FEA2-4169-B6F0-7E316916B2CE}.Release|Any CPU.ActiveCfg = Release|x86
		{21807DA7-FEA2-4169-B6F0-7E316916B2CE}.Release|ARM.ActiveCfg = Release|ARM
		{21807DA7-FEA2-4169-B6F0-7E316916B2CE}.Release|ARM.Build.0 = Release|ARM
		{21807DA7-FEA2-4169-B6F0-7E316916B2CE}.Release|ARM.Deploy.0 = Release|ARM
		{21807DA7-FEA2-4169-B6F0-7E316916B2CE}.Release|x64.ActiveCfg = Release|x64
		{21807DA7-FEA2-4169-B6F0-7E316916B2CE}.Release|x64.Build.0 = Release|x64
		{21807DA7-FEA2-4169-B6F0-7E316916B2CE}.Release|x64.Deploy.0 = Release|x64
		{21807DA7-FEA2-4169-B6F0-7E316916B2CE}.Release|x86.ActiveCfg = Release|x86
		{21807DA7-FEA2-4169-B6F0-7E316916B2CE}.Release|x86.Build.0 = Release|x86
		{21807DA7-FEA2-4169-B6F0-7E316916B2CE}.Release|x86.Deploy.0 = Release|x86
		{4E9A951E-1B4B-4C72-A256-9A4BA42C2A9F}.Debug|Any CPU.ActiveCfg = Debug|x86
		{4E9A951E-1B4B-4C72-A256-9A4BA42C2A9F}.Debug|ARM.ActiveCfg = Debug|ARM
		{4E9A951E-1B4B-4C72-A256-9A4BA42C2A9F}.Debug|ARM.Build.0 = Debug|ARM
		{4E9A951E-1B4B-4C72-A256-9A4BA42C2A9F}.Debug|ARM.Deploy.0 = Debug|ARM
		{4E9A951E-1B4B-4C72-A256-9A4BA42C2A9F}.Debug|x64.ActiveCfg = Debug|x64
		{4E9A951E-1B4B-4C72-A256-9A4BA42C2A9F}.Debug|x64.Build.0 = Debug|x64
		{4E9A951E-1B4B-4C72-A256-9A4BA42C2A9F}.Debug|x64.Deploy.0 = Debug|x64
		{4E9A951E-1B4B-4C72-A256-9A4BA42C2A9F}.Debug|x86.ActiveCfg = Debug|x86
		{4E9A951E-1B4B-4C72-A256-9A4BA42C2A9F}.Debug|x86.Build.0 = Debug|x86
		{4E9A951E-1B4B-4C72-A256-9A4BA42C2A9F}.Debug|x86.Deploy.0 = Debug|x86
		{4E9A951E-1B4B-4C72-A256-9A4BA42C2A9F}.Release|Any CPU.ActiveCfg = Release|x86
		{4E9A951E-1B4B-4C72-A256-9A4BA42C2A9F}.Release|ARM.ActiveCfg = Release|ARM
		{4E9A951E-1B4B-4C72-A256-9A4BA42C2A9F}.Release|ARM.Build.0 = Release|ARM
		{4E9A951E-1B4B-4C72-A256-9A4BA42C2A9F}.Release|ARM.Deploy.0 = Release|ARM
		{4E9A951E-1B4B-4C72-A256-9A4BA42C2A9F}.Release|x64.ActiveCfg = Release|x64
		{4E9A951E-1B4B-4C72-A256-9A4BA42C2A9F}.Release|x64.Build.0 = Release|x64
		{4E9A951E-1B4B-4C72-A256-9A4BA42C2A9F}.Release|x64.Deploy.0 = Release|x64
		{4E9A951E-1B4B-4C72-A256-9A4BA42C2A9F}.Release|x86.ActiveCfg = Release|x86
		{4E9A951E-1B4B-4C72-A256-9A4BA42C2A9F}.Release|x86.Build.0 = Release|x86
		{4E9A951E-1B4B-4C72-A256-9A4BA42C2A9F}.Release|x86.Deploy.0 = Release|x86
		{7A664822-5BF9-4A60-B57D-AB570BDDBFEF}.Debug|Any CPU.ActiveCfg = Debug|x86
		{7A664822-5BF9-4A60-B57D-AB570BDDBFEF}.Debug|ARM.ActiveCfg = Debug|ARM
		{7A664822-5BF9-4A60-B57D-AB570BDDBFEF}.Debug|ARM.Build.0 = Debug|ARM
		{7A664822-5BF9-4A60-B57D-AB570BDDBFEF}.Debug|ARM.Deploy.0 = Debug|ARM
		{7A664822-5BF9-4A60-B57D-AB570BDDBFEF}.Debug|x64.ActiveCfg = Debug|x64
		{7A664822-5BF9-4A60-B57D-AB570BDDBFEF}.Debug|x64.Build.0 = Debug|x64
		{7A664822-5BF9-4A60-B57D-AB570BDDBFEF}.Debug|x64.Deploy.0 = Debug|x64
		{7A664822-5BF9-4A60-B57D-AB570BDDBFEF}.Debug|x86.ActiveCfg = Debug|x86
		{7A664822-5BF9-4A60-B57D-AB570BDDBFEF}.Debug|x86.Build.0 = Debug|x86
		{7A664822-5BF9-4A60-B57D-AB570BDDBFEF}.Debug|x86.Deploy.0 = Debug|x86
		{7A664822-5BF9-4A60-B57D-AB570BDDBFEF}.Release|Any CPU.ActiveCfg = Release|x86
		{7A664822-5BF9-4A60-B57D-AB570BDDBFEF}.Release|ARM.ActiveCfg = Release|ARM
		{7A664822-5BF9-4A60-B57D-AB570BDDBFEF}.Release|ARM.Build.0 = Release|ARM
		{7A664822-5BF9-4A60-B57D-AB570BDDBFEF}.Release|ARM.Deploy.0 = Release|ARM
		{7A664822-5BF9-4A60-B57D-AB570BDDBFEF}.Release|x64.ActiveCfg = Release|x64
		{7A664822-5BF9-4A60-B57D-AB570BDDBFEF}.Release|x64.Build.0 = Release|x64
		{7A664822-5BF9-4A60-B57D-AB570BDDBFEF}.Release|x64.Deploy.0 = Release|x64
		{7A664822-5BF9-4A60-B57D-AB570BDDBFEF}.Release|x86.ActiveCfg = Release|x86
		{7A664822-5BF9-4A60-B57D-AB570BDDBFEF}.Release|x86.Build.0 = Release|x86
		{7A664822-5BF9-4A60-B57D-AB570BDDBFEF}.Release|x86.Deploy.0 = Release|x86
		{CE1CA58B-729A-4BD5-A6E3-1BCD6CD13845}.Debug|Any CPU.ActiveCfg = Debug|Any CPU
		{CE1CA58B-729A-4BD5-A6E3-1BCD6CD13845}.Debug|Any CPU.Build.0 = Debug|Any CPU
		{CE1CA58B-729A-4BD5-A6E3-1BCD6CD13845}.Debug|ARM.ActiveCfg = Debug|ARM
		{CE1CA58B-729A-4BD5-A6E3-1BCD6CD13845}.Debug|ARM.Build.0 = Debug|ARM
		{CE1CA58B-729A-4BD5-A6E3-1BCD6CD13845}.Debug|x64.ActiveCfg = Debug|x64
		{CE1CA58B-729A-4BD5-A6E3-1BCD6CD13845}.Debug|x64.Build.0 = Debug|x64
		{CE1CA58B-729A-4BD5-A6E3-1BCD6CD13845}.Debug|x86.ActiveCfg = Debug|x86
		{CE1CA58B-729A-4BD5-A6E3-1BCD6CD13845}.Debug|x86.Build.0 = Debug|x86
		{CE1CA58B-729A-4BD5-A6E3-1BCD6CD13845}.Release|Any CPU.ActiveCfg = Release|Any CPU
		{CE1CA58B-729A-4BD5-A6E3-1BCD6CD13845}.Release|Any CPU.Build.0 = Release|Any CPU
		{CE1CA58B-729A-4BD5-A6E3-1BCD6CD13845}.Release|ARM.ActiveCfg = Release|ARM
		{CE1CA58B-729A-4BD5-A6E3-1BCD6CD13845}.Release|ARM.Build.0 = Release|ARM
		{CE1CA58B-729A-4BD5-A6E3-1BCD6CD13845}.Release|x64.ActiveCfg = Release|x64
		{CE1CA58B-729A-4BD5-A6E3-1BCD6CD13845}.Release|x64.Build.0 = Release|x64
		{CE1CA58B-729A-4BD5-A6E3-1BCD6CD13845}.Release|x86.ActiveCfg = Release|x86
		{CE1CA58B-729A-4BD5-A6E3-1BCD6CD13845}.Release|x86.Build.0 = Release|x86
	EndGlobalSection
	GlobalSection(SolutionProperties) = preSolution
		HideSolutionNode = FALSE
	EndGlobalSection
EndGlobal
