
Microsoft Visual Studio Solution File, Format Version 12.00
# Visual Studio 14
VisualStudioVersion = 14.0.24720.0
MinimumVisualStudioVersion = 10.0.40219.1
Project("{2150E333-8FDC-42A3-9474-1A3956D46DE8}") = "Delegates", "Delegates", "{E4048711-0A23-41FB-AB04-99B5F3514A45}"
	ProjectSection(SolutionItems) = preProject
		..\..\..\..\..\..\Dev.2016\LinqPad\SimpleDelegate.linq = ..\..\..\..\..\..\Dev.2016\LinqPad\SimpleDelegate.linq
		..\..\..\..\..\..\Dev.2016\LinqPad\SimpleEvent.linq = ..\..\..\..\..\..\Dev.2016\LinqPad\SimpleEvent.linq
	EndProjectSection
EndProject
Global
	GlobalSection(SolutionProperties) = preSolution
		HideSolutionNode = FALSE
	EndGlobalSection
EndGlobal
